
Microsoft Visual Studio Solution File, Format Version 12.00
# Visual Studio Version 17
VisualStudioVersion = 17.9.34723.18
MinimumVisualStudioVersion = 10.0.40219.1
Project("{FAE04EC0-301F-11D3-BF4B-00C04F79EFBC}") = "NimapTask3", "NimapTask3\NimapTask3.csproj", "{61BDB3E8-F66F-40C3-A5C4-164521344114}"
EndProject
Global
	GlobalSection(SolutionConfigurationPlatforms) = preSolution
		Debug|Any CPU = Debug|Any CPU
		Release|Any CPU = Release|Any CPU
	EndGlobalSection
	GlobalSection(ProjectConfigurationPlatforms) = postSolution
		{61BDB3E8-F66F-40C3-A5C4-164521344114}.Debug|Any CPU.ActiveCfg = Debug|Any CPU
		{61BDB3E8-F66F-40C3-A5C4-164521344114}.Debug|Any CPU.Build.0 = Debug|Any CPU
		{61BDB3E8-F66F-40C3-A5C4-164521344114}.Release|Any CPU.ActiveCfg = Release|Any CPU
		{61BDB3E8-F66F-40C3-A5C4-164521344114}.Release|Any CPU.Build.0 = Release|Any CPU
	EndGlobalSection
	GlobalSection(SolutionProperties) = preSolution
		HideSolutionNode = FALSE
	EndGlobalSection
	GlobalSection(ExtensibilityGlobals) = postSolution
		SolutionGuid = {40CAD8EC-47E6-4FD3-A854-0CEA1DDFFFD1}
	EndGlobalSection
EndGlobal
